// !$*UTF8*$!
{
	archiveVersion = 1;
	classes = {
	};
	objectVersion = 46;
	objects = {

/* Begin PBXBuildFile section */
		D44E8AA61B8F205800C8100C /* main.m in Sources */ = {isa = PBXBuildFile; fileRef = D44E8AA51B8F205800C8100C /* main.m */; };
		D44E8AA91B8F205800C8100C /* AppDelegate.m in Sources */ = {isa = PBXBuildFile; fileRef = D44E8AA81B8F205800C8100C /* AppDelegate.m */; };
		D44E8AAC1B8F205800C8100C /* ViewController.m in Sources */ = {isa = PBXBuildFile; fileRef = D44E8AAB1B8F205800C8100C /* ViewController.m */; };
		D44E8AAF1B8F205800C8100C /* Main.storyboard in Resources */ = {isa = PBXBuildFile; fileRef = D44E8AAD1B8F205800C8100C /* Main.storyboard */; };
		D44E8AB11B8F205800C8100C /* Images.xcassets in Resources */ = {isa = PBXBuildFile; fileRef = D44E8AB01B8F205800C8100C /* Images.xcassets */; };
		D44E8AB41B8F205800C8100C /* LaunchScreen.xib in Resources */ = {isa = PBXBuildFile; fileRef = D44E8AB21B8F205800C8100C /* LaunchScreen.xib */; };
		D44E8AC01B8F205800C8100C /* zyhgithubTests.m in Sources */ = {isa = PBXBuildFile; fileRef = D44E8ABF1B8F205800C8100C /* zyhgithubTests.m */; };
/* End PBXBuildFile section */

/* Begin PBXContainerItemProxy section */
		D44E8ABA1B8F205800C8100C /* PBXContainerItemProxy */ = {
			isa = PBXContainerItemProxy;
			containerPortal = D44E8A981B8F205800C8100C /* Project object */;
			proxyType = 1;
			remoteGlobalIDString = D44E8A9F1B8F205800C8100C;
			remoteInfo = zyhgithub;
		};
/* End PBXContainerItemProxy section */

/* Begin PBXFileReference section */
		D44E8AA01B8F205800C8100C /* zyhgithub.app */ = {isa = PBXFileReference; explicitFileType = wrapper.application; includeInIndex = 0; path = zyhgithub.app; sourceTree = BUILT_PRODUCTS_DIR; };
		D44E8AA41B8F205800C8100C /* Info.plist */ = {isa = PBXFileReference; lastKnownFileType = text.plist.xml; path = Info.plist; sourceTree = "<group>"; };
		D44E8AA51B8F205800C8100C /* main.m */ = {isa = PBXFileReference; lastKnownFileType = sourcecode.c.objc; path = main.m; sourceTree = "<group>"; };
		D44E8AA71B8F205800C8100C /* AppDelegate.h */ = {isa = PBXFileReference; lastKnownFileType = sourcecode.c.h; path = AppDelegate.h; sourceTree = "<group>"; };
		D44E8AA81B8F205800C8100C /* AppDelegate.m */ = {isa = PBXFileReference; lastKnownFileType = sourcecode.c.objc; path = AppDelegate.m; sourceTree = "<group>"; };
		D44E8AAA1B8F205800C8100C /* ViewController.h */ = {isa = PBXFileReference; lastKnownFileType = sourcecode.c.h; path = ViewController.h; sourceTree = "<group>"; };
		D44E8AAB1B8F205800C8100C /* ViewController.m */ = {isa = PBXFileReference; lastKnownFileType = sourcecode.c.objc; path = ViewController.m; sourceTree = "<group>"; };
		D44E8AAE1B8F205800C8100C /* Base */ = {isa = PBXFileReference; lastKnownFileType = file.storyboard; name = Base; path = Base.lproj/Main.storyboard; sourceTree = "<group>"; };
		D44E8AB01B8F205800C8100C /* Images.xcassets */ = {isa = PBXFileReference; lastKnownFileType = folder.assetcatalog; path = Images.xcassets; sourceTree = "<group>"; };
		D44E8AB31B8F205800C8100C /* Base */ = {isa = PBXFileReference; lastKnownFileType = file.xib; name = Base; path = Base.lproj/LaunchScreen.xib; sourceTree = "<group>"; };
		D44E8AB91B8F205800C8100C /* zyhgithubTests.xctest */ = {isa = PBXFileReference; explicitFileType = wrapper.cfbundle; includeInIndex = 0; path = zyhgithubTests.xctest; sourceTree = BUILT_PRODUCTS_DIR; };
		D44E8ABE1B8F205800C8100C /* Info.plist */ = {isa = PBXFileReference; lastKnownFileType = text.plist.xml; path = Info.plist; sourceTree = "<group>"; };
		D44E8ABF1B8F205800C8100C /* zyhgithubTests.m */ = {isa = PBXFileReference; lastKnownFileType = sourcecode.c.objc; path = zyhgithubTests.m; sourceTree = "<group>"; };
/* End PBXFileReference section */

/* Begin PBXFrameworksBuildPhase section */
		D44E8A9D1B8F205800C8100C /* Frameworks */ = {
			isa = PBXFrameworksBuildPhase;
			buildActionMask = 2147483647;
			files = (
			);
			runOnlyForDeploymentPostprocessing = 0;
		};
		D44E8AB61B8F205800C8100C /* Frameworks */ = {
			isa = PBXFrameworksBuildPhase;
			buildActionMask = 2147483647;
			files = (
			);
			runOnlyForDeploymentPostprocessing = 0;
		};
/* End PBXFrameworksBuildPhase section */

/* Begin PBXGroup section */
		D44E8A971B8F205800C8100C = {
			isa = PBXGroup;
			children = (
				D44E8AA21B8F205800C8100C /* zyhgithub */,
				D44E8ABC1B8F205800C8100C /* zyhgithubTests */,
				D44E8AA11B8F205800C8100C /* Products */,
			);
			sourceTree = "<group>";
		};
		D44E8AA11B8F205800C8100C /* Products */ = {
			isa = PBXGroup;
			children = (
				D44E8AA01B8F205800C8100C /* zyhgithub.app */,
				D44E8AB91B8F205800C8100C /* zyhgithubTests.xctest */,
			);
			name = Products;
			sourceTree = "<group>";
		};
		D44E8AA21B8F205800C8100C /* zyhgithub */ = {
			isa = PBXGroup;
			children = (
				D44E8AA71B8F205800C8100C /* AppDelegate.h */,
				D44E8AA81B8F205800C8100C /* AppDelegate.m */,
				D44E8AAA1B8F205800C8100C /* ViewController.h */,
				D44E8AAB1B8F205800C8100C /* ViewController.m */,
				D44E8AAD1B8F205800C8100C /* Main.storyboard */,
				D44E8AB01B8F205800C8100C /* Images.xcassets */,
				D44E8AB21B8F205800C8100C /* LaunchScreen.xib */,
				D44E8AA31B8F205800C8100C /* Supporting Files */,
			);
			path = zyhgithub;
			sourceTree = "<group>";
		};
		D44E8AA31B8F205800C8100C /* Supporting Files */ = {
			isa = PBXGroup;
			children = (
				D44E8AA41B8F205800C8100C /* Info.plist */,
				D44E8AA51B8F205800C8100C /* main.m */,
			);
			name = "Supporting Files";
			sourceTree = "<group>";
		};
		D44E8ABC1B8F205800C8100C /* zyhgithubTests */ = {
			isa = PBXGroup;
			children = (
				D44E8ABF1B8F205800C8100C /* zyhgithubTests.m */,
				D44E8ABD1B8F205800C8100C /* Supporting Files */,
			);
			path = zyhgithubTests;
			sourceTree = "<group>";
		};
		D44E8ABD1B8F205800C8100C /* Supporting Files */ = {
			isa = PBXGroup;
			children = (
				D44E8ABE1B8F205800C8100C /* Info.plist */,
			);
			name = "Supporting Files";
			sourceTree = "<group>";
		};
/* End PBXGroup section */

/* Begin PBXNativeTarget section */
		D44E8A9F1B8F205800C8100C /* zyhgithub */ = {
			isa = PBXNativeTarget;
			buildConfigurationList = D44E8AC31B8F205800C8100C /* Build configuration list for PBXNativeTarget "zyhgithub" */;
			buildPhases = (
				D44E8A9C1B8F205800C8100C /* Sources */,
				D44E8A9D1B8F205800C8100C /* Frameworks */,
				D44E8A9E1B8F205800C8100C /* Resources */,
			);
			buildRules = (
			);
			dependencies = (
			);
			name = zyhgithub;
			productName = zyhgithub;
			productReference = D44E8AA01B8F205800C8100C /* zyhgithub.app */;
			productType = "com.apple.product-type.application";
		};
		D44E8AB81B8F205800C8100C /* zyhgithubTests */ = {
			isa = PBXNativeTarget;
			buildConfigurationList = D44E8AC61B8F205800C8100C /* Build configuration list for PBXNativeTarget "zyhgithubTests" */;
			buildPhases = (
				D44E8AB51B8F205800C8100C /* Sources */,
				D44E8AB61B8F205800C8100C /* Frameworks */,
				D44E8AB71B8F205800C8100C /* Resources */,
			);
			buildRules = (
			);
			dependencies = (
				D44E8ABB1B8F205800C8100C /* PBXTargetDependency */,
			);
			name = zyhgithubTests;
			productName = zyhgithubTests;
			productReference = D44E8AB91B8F205800C8100C /* zyhgithubTests.xctest */;
			productType = "com.apple.product-type.bundle.unit-test";
		};
/* End PBXNativeTarget section */

/* Begin PBXProject section */
		D44E8A981B8F205800C8100C /* Project object */ = {
			isa = PBXProject;
			attributes = {
				LastUpgradeCheck = 0640;
				ORGANIZATIONNAME = "张益豪";
				TargetAttributes = {
					D44E8A9F1B8F205800C8100C = {
						CreatedOnToolsVersion = 6.4;
					};
					D44E8AB81B8F205800C8100C = {
						CreatedOnToolsVersion = 6.4;
						TestTargetID = D44E8A9F1B8F205800C8100C;
					};
				};
			};
			buildConfigurationList = D44E8A9B1B8F205800C8100C /* Build configuration list for PBXProject "zyhgithub" */;
			compatibilityVersion = "Xcode 3.2";
			developmentRegion = English;
			hasScannedForEncodings = 0;
			knownRegions = (
				en,
				Base,
			);
			mainGroup = D44E8A971B8F205800C8100C;
			productRefGroup = D44E8AA11B8F205800C8100C /* Products */;
			projectDirPath = "";
			projectRoot = "";
			targets = (
				D44E8A9F1B8F205800C8100C /* zyhgithub */,
				D44E8AB81B8F205800C8100C /* zyhgithubTests */,
			);
		};
/* End PBXProject section */

/* Begin PBXResourcesBuildPhase section */
		D44E8A9E1B8F205800C8100C /* Resources */ = {
			isa = PBXResourcesBuildPhase;
			buildActionMask = 2147483647;
			files = (
				D44E8AAF1B8F205800C8100C /* Main.storyboard in Resources */,
				D44E8AB41B8F205800C8100C /* LaunchScreen.xib in Resources */,
				D44E8AB11B8F205800C8100C /* Images.xcassets in Resources */,
			);
			runOnlyForDeploymentPostprocessing = 0;
		};
		D44E8AB71B8F205800C8100C /* Resources */ = {
			isa = PBXResourcesBuildPhase;
			buildActionMask = 2147483647;
			files = (
			);
			runOnlyForDeploymentPostprocessing = 0;
		};
/* End PBXResourcesBuildPhase section */

/* Begin PBXSourcesBuildPhase section */
		D44E8A9C1B8F205800C8100C /* Sources */ = {
			isa = PBXSourcesBuildPhase;
			buildActionMask = 2147483647;
			files = (
				D44E8AAC1B8F205800C8100C /* ViewController.m in Sources */,
				D44E8AA91B8F205800C8100C /* AppDelegate.m in Sources */,
				D44E8AA61B8F205800C8100C /* main.m in Sources */,
			);
			runOnlyForDeploymentPostprocessing = 0;
		};
		D44E8AB51B8F205800C8100C /* Sources */ = {
			isa = PBXSourcesBuildPhase;
			buildActionMask = 2147483647;
			files = (
				D44E8AC01B8F205800C8100C /* zyhgithubTests.m in Sources */,
			);
			runOnlyForDeploymentPostprocessing = 0;
		};
/* End PBXSourcesBuildPhase section */

/* Begin PBXTargetDependency section */
		D44E8ABB1B8F205800C8100C /* PBXTargetDependency */ = {
			isa = PBXTargetDependency;
			target = D44E8A9F1B8F205800C8100C /* zyhgithub */;
			targetProxy = D44E8ABA1B8F205800C8100C /* PBXContainerItemProxy */;
		};
/* End PBXTargetDependency section */

/* Begin PBXVariantGroup section */
		D44E8AAD1B8F205800C8100C /* Main.storyboard */ = {
			isa = PBXVariantGroup;
			children = (
				D44E8AAE1B8F205800C8100C /* Base */,
			);
			name = Main.storyboard;
			sourceTree = "<group>";
		};
		D44E8AB21B8F205800C8100C /* LaunchScreen.xib */ = {
			isa = PBXVariantGroup;
			children = (
				D44E8AB31B8F205800C8100C /* Base */,
			);
			name = LaunchScreen.xib;
			sourceTree = "<group>";
		};
/* End PBXVariantGroup section */

/* Begin XCBuildConfiguration section */
		D44E8AC11B8F205800C8100C /* Debug */ = {
			isa = XCBuildConfiguration;
			buildSettings = {
				ALWAYS_SEARCH_USER_PATHS = NO;
				CLANG_CXX_LANGUAGE_STANDARD = "gnu++0x";
				CLANG_CXX_LIBRARY = "libc++";
				CLANG_ENABLE_MODULES = YES;
				CLANG_ENABLE_OBJC_ARC = YES;
				CLANG_WARN_BOOL_CONVERSION = YES;
				CLANG_WARN_CONSTANT_CONVERSION = YES;
				CLANG_WARN_DIRECT_OBJC_ISA_USAGE = YES_ERROR;
				CLANG_WARN_EMPTY_BODY = YES;
				CLANG_WARN_ENUM_CONVERSION = YES;
				CLANG_WARN_INT_CONVERSION = YES;
				CLANG_WARN_OBJC_ROOT_CLASS = YES_ERROR;
				CLANG_WARN_UNREACHABLE_CODE = YES;
				CLANG_WARN__DUPLICATE_METHOD_MATCH = YES;
				"CODE_SIGN_IDENTITY[sdk=iphoneos*]" = "iPhone Developer";
				COPY_PHASE_STRIP = NO;
				DEBUG_INFORMATION_FORMAT = "dwarf-with-dsym";
				ENABLE_STRICT_OBJC_MSGSEND = YES;
				GCC_C_LANGUAGE_STANDARD = gnu99;
				GCC_DYNAMIC_NO_PIC = NO;
				GCC_NO_COMMON_BLOCKS = YES;
				GCC_OPTIMIZATION_LEVEL = 0;
				GCC_PREPROCESSOR_DEFINITIONS = (
					"DEBUG=1",
					"$(inherited)",
				);
				GCC_SYMBOLS_PRIVATE_EXTERN = NO;
				GCC_WARN_64_TO_32_BIT_CONVERSION = YES;
				GCC_WARN_ABOUT_RETURN_TYPE = YES_ERROR;
				GCC_WARN_UNDECLARED_SELECTOR = YES;
				GCC_WARN_UNINITIALIZED_AUTOS = YES_AGGRESSIVE;
				GCC_WARN_UNUSED_FUNCTION = YES;
				GCC_WARN_UNUSED_VARIABLE = YES;
				IPHONEOS_DEPLOYMENT_TARGET = 8.4;
				MTL_ENABLE_DEBUG_INFO = YES;
				ONLY_ACTIVE_ARCH = YES;
				SDKROOT = iphoneos;
			};
			name = Debug;
		};
		D44E8AC21B8F205800C8100C /* Release */ = {
			isa = XCBuildConfiguration;
			buildSettings = {
				ALWAYS_SEARCH_USER_PATHS = NO;
				CLANG_CXX_LANGUAGE_STANDARD = "gnu++0x";
				CLANG_CXX_LIBRARY = "libc++";
				CLANG_ENABLE_MODULES = YES;
				CLANG_ENABLE_OBJC_ARC = YES;
				CLANG_WARN_BOOL_CONVERSION = YES;
				CLANG_WARN_CONSTANT_CONVERSION = YES;
				CLANG_WARN_DIRECT_OBJC_ISA_USAGE = YES_ERROR;
				CLANG_WARN_EMPTY_BODY = YES;
				CLANG_WARN_ENUM_CONVERSION = YES;
				CLANG_WARN_INT_CONVERSION = YES;
				CLANG_WARN_OBJC_ROOT_CLASS = YES_ERROR;
				CLANG_WARN_UNREACHABLE_CODE = YES;
				CLANG_WARN__DUPLICATE_METHOD_MATCH = YES;
				"CODE_SIGN_IDENTITY[sdk=iphoneos*]" = "iPhone Developer";
				COPY_PHASE_STRIP = NO;
				DEBUG_INFORMATION_FORMAT = "dwarf-with-dsym";
				ENABLE_NS_ASSERTIONS = NO;
				ENABLE_STRICT_OBJC_MSGSEND = YES;
				GCC_C_LANGUAGE_STANDARD = gnu99;
				GCC_NO_COMMON_BLOCKS = YES;
				GCC_WARN_64_TO_32_BIT_CONVERSION = YES;
				GCC_WARN_ABOUT_RETURN_TYPE = YES_ERROR;
				GCC_WARN_UNDECLARED_SELECTOR = YES;
				GCC_WARN_UNINITIALIZED_AUTOS = YES_AGGRESSIVE;
				GCC_WARN_UNUSED_FUNCTION = YES;
				GCC_WARN_UNUSED_VARIABLE = YES;
				IPHONEOS_DEPLOYMENT_TARGET = 8.4;
				MTL_ENABLE_DEBUG_INFO = NO;
				SDKROOT = iphoneos;
				VALIDATE_PRODUCT = YES;
			};
			name = Release;
		};
		D44E8AC41B8F205800C8100C /* Debug */ = {
			isa = XCBuildConfiguration;
			buildSettings = {
				ASSETCATALOG_COMPILER_APPICON_NAME = AppIcon;
				INFOPLIST_FILE = zyhgithub/Info.plist;
				LD_RUNPATH_SEARCH_PATHS = "$(inherited) @executable_path/Frameworks";
				PRODUCT_NAME = "$(TARGET_NAME)";
			};
			name = Debug;
		};
		D44E8AC51B8F205800C8100C /* Release */ = {
			isa = XCBuildConfiguration;
			buildSettings = {
				ASSETCATALOG_COMPILER_APPICON_NAME = AppIcon;
				INFOPLIST_FILE = zyhgithub/Info.plist;
				LD_RUNPATH_SEARCH_PATHS = "$(inherited) @executable_path/Frameworks";
				PRODUCT_NAME = "$(TARGET_NAME)";
			};
			name = Release;
		};
		D44E8AC71B8F205800C8100C /* Debug */ = {
			isa = XCBuildConfiguration;
			buildSettings = {
				BUNDLE_LOADER = "$(TEST_HOST)";
				FRAMEWORK_SEARCH_PATHS = (
					"$(SDKROOT)/Developer/Library/Frameworks",
					"$(inherited)",
				);
				GCC_PREPROCESSOR_DEFINITIONS = (
					"DEBUG=1",
					"$(inherited)",
				);
				INFOPLIST_FILE = zyhgithubTests/Info.plist;
				LD_RUNPATH_SEARCH_PATHS = "$(inherited) @executable_path/Frameworks @loader_path/Frameworks";
				PRODUCT_NAME = "$(TARGET_NAME)";
				TEST_HOST = "$(BUILT_PRODUCTS_DIR)/zyhgithub.app/zyhgithub";
			};
			name = Debug;
		};
		D44E8AC81B8F205800C8100C /* Release */ = {
			isa = XCBuildConfiguration;
			buildSettings = {
				BUNDLE_LOADER = "$(TEST_HOST)";
				FRAMEWORK_SEARCH_PATHS = (
					"$(SDKROOT)/Developer/Library/Frameworks",
					"$(inherited)",
				);
				INFOPLIST_FILE = zyhgithubTests/Info.plist;
				LD_RUNPATH_SEARCH_PATHS = "$(inherited) @executable_path/Frameworks @loader_path/Frameworks";
				PRODUCT_NAME = "$(TARGET_NAME)";
				TEST_HOST = "$(BUILT_PRODUCTS_DIR)/zyhgithub.app/zyhgithub";
			};
			name = Release;
		};
/* End XCBuildConfiguration section */

/* Begin XCConfigurationList section */
		D44E8A9B1B8F205800C8100C /* Build configuration list for PBXProject "zyhgithub" */ = {
			isa = XCConfigurationList;
			buildConfigurations = (
				D44E8AC11B8F205800C8100C /* Debug */,
				D44E8AC21B8F205800C8100C /* Release */,
			);
			defaultConfigurationIsVisible = 0;
			defaultConfigurationName = Release;
		};
		D44E8AC31B8F205800C8100C /* Build configuration list for PBXNativeTarget "zyhgithub" */ = {
			isa = XCConfigurationList;
			buildConfigurations = (
				D44E8AC41B8F205800C8100C /* Debug */,
				D44E8AC51B8F205800C8100C /* Release */,
			);
			defaultConfigurationIsVisible = 0;
		};
		D44E8AC61B8F205800C8100C /* Build configuration list for PBXNativeTarget "zyhgithubTests" */ = {
			isa = XCConfigurationList;
			buildConfigurations = (
				D44E8AC71B8F205800C8100C /* Debug */,
				D44E8AC81B8F205800C8100C /* Release */,
			);
			defaultConfigurationIsVisible = 0;
		};
/* End XCConfigurationList section */
	};
	rootObject = D44E8A981B8F205800C8100C /* Project object */;
}
